
Microsoft Visual Studio Solution File, Format Version 12.00
# Visual Studio Version 17
VisualStudioVersion = 17.2.32616.157
MinimumVisualStudioVersion = 10.0.40219.1
Project("{FAE04EC0-301F-11D3-BF4B-00C04F79EFBC}") = "Calculadora", "Calculadora\Calculadora.csproj", "{811DB141-24B9-4B88-8D01-7A44B88FDDE3}"
EndProject
Global
	GlobalSection(SolutionConfigurationPlatforms) = preSolution
		Debug|Any CPU = Debug|Any CPU
		Release|Any CPU = Release|Any CPU
	EndGlobalSection
	GlobalSection(ProjectConfigurationPlatforms) = postSolution
		{811DB141-24B9-4B88-8D01-7A44B88FDDE3}.Debug|Any CPU.ActiveCfg = Debug|Any CPU
		{811DB141-24B9-4B88-8D01-7A44B88FDDE3}.Debug|Any CPU.Build.0 = Debug|Any CPU
		{811DB141-24B9-4B88-8D01-7A44B88FDDE3}.Release|Any CPU.ActiveCfg = Release|Any CPU
		{811DB141-24B9-4B88-8D01-7A44B88FDDE3}.Release|Any CPU.Build.0 = Release|Any CPU
	EndGlobalSection
	GlobalSection(SolutionProperties) = preSolution
		HideSolutionNode = FALSE
	EndGlobalSection
	GlobalSection(ExtensibilityGlobals) = postSolution
		SolutionGuid = {A633C38F-49D9-4B03-83AA-CC5F936C6B0A}
	EndGlobalSection
EndGlobal
